// !$*UTF8*$!
{
	archiveVersion = 1;
	classes = {
	};
	objectVersion = 50;
	objects = {

/* Begin PBXBuildFile section */
		7040E2452573E1E4009F3151 /* Small_GamesApp.swift in Sources */ = {isa = PBXBuildFile; fileRef = 7040E2442573E1E4009F3151 /* Small_GamesApp.swift */; };
		7040E2472573E1E5009F3151 /* ContentView.swift in Sources */ = {isa = PBXBuildFile; fileRef = 7040E2462573E1E5009F3151 /* ContentView.swift */; };
		7040E2492573E1E5009F3151 /* Assets.xcassets in Resources */ = {isa = PBXBuildFile; fileRef = 7040E2482573E1E5009F3151 /* Assets.xcassets */; };
		7040E24C2573E1E5009F3151 /* Preview Assets.xcassets in Resources */ = {isa = PBXBuildFile; fileRef = 7040E24B2573E1E5009F3151 /* Preview Assets.xcassets */; };
		7040E2572573E1E5009F3151 /* Small_GamesTests.swift in Sources */ = {isa = PBXBuildFile; fileRef = 7040E2562573E1E5009F3151 /* Small_GamesTests.swift */; };
		7040E2622573E1E5009F3151 /* Small_GamesUITests.swift in Sources */ = {isa = PBXBuildFile; fileRef = 7040E2612573E1E5009F3151 /* Small_GamesUITests.swift */; };
/* End PBXBuildFile section */

/* Begin PBXContainerItemProxy section */
		7040E2532573E1E5009F3151 /* PBXContainerItemProxy */ = {
			isa = PBXContainerItemProxy;
			containerPortal = 7040E2392573E1E4009F3151 /* Project object */;
			proxyType = 1;
			remoteGlobalIDString = 7040E2402573E1E4009F3151;
			remoteInfo = "Small Games";
		};
		7040E25E2573E1E5009F3151 /* PBXContainerItemProxy */ = {
			isa = PBXContainerItemProxy;
			containerPortal = 7040E2392573E1E4009F3151 /* Project object */;
			proxyType = 1;
			remoteGlobalIDString = 7040E2402573E1E4009F3151;
			remoteInfo = "Small Games";
		};
/* End PBXContainerItemProxy section */

/* Begin PBXFileReference section */
		7040E2412573E1E4009F3151 /* Small Games.app */ = {isa = PBXFileReference; explicitFileType = wrapper.application; includeInIndex = 0; path = "Small Games.app"; sourceTree = BUILT_PRODUCTS_DIR; };
		7040E2442573E1E4009F3151 /* Small_GamesApp.swift */ = {isa = PBXFileReference; lastKnownFileType = sourcecode.swift; path = Small_GamesApp.swift; sourceTree = "<group>"; };
		7040E2462573E1E5009F3151 /* ContentView.swift */ = {isa = PBXFileReference; lastKnownFileType = sourcecode.swift; path = ContentView.swift; sourceTree = "<group>"; };
		7040E2482573E1E5009F3151 /* Assets.xcassets */ = {isa = PBXFileReference; lastKnownFileType = folder.assetcatalog; path = Assets.xcassets; sourceTree = "<group>"; };
		7040E24B2573E1E5009F3151 /* Preview Assets.xcassets */ = {isa = PBXFileReference; lastKnownFileType = folder.assetcatalog; path = "Preview Assets.xcassets"; sourceTree = "<group>"; };
		7040E24D2573E1E5009F3151 /* Info.plist */ = {isa = PBXFileReference; lastKnownFileType = text.plist.xml; path = Info.plist; sourceTree = "<group>"; };
		7040E2522573E1E5009F3151 /* Small GamesTests.xctest */ = {isa = PBXFileReference; explicitFileType = wrapper.cfbundle; includeInIndex = 0; path = "Small GamesTests.xctest"; sourceTree = BUILT_PRODUCTS_DIR; };
		7040E2562573E1E5009F3151 /* Small_GamesTests.swift */ = {isa = PBXFileReference; lastKnownFileType = sourcecode.swift; path = Small_GamesTests.swift; sourceTree = "<group>"; };
		7040E2582573E1E5009F3151 /* Info.plist */ = {isa = PBXFileReference; lastKnownFileType = text.plist.xml; path = Info.plist; sourceTree = "<group>"; };
		7040E25D2573E1E5009F3151 /* Small GamesUITests.xctest */ = {isa = PBXFileReference; explicitFileType = wrapper.cfbundle; includeInIndex = 0; path = "Small GamesUITests.xctest"; sourceTree = BUILT_PRODUCTS_DIR; };
		7040E2612573E1E5009F3151 /* Small_GamesUITests.swift */ = {isa = PBXFileReference; lastKnownFileType = sourcecode.swift; path = Small_GamesUITests.swift; sourceTree = "<group>"; };
		7040E2632573E1E5009F3151 /* Info.plist */ = {isa = PBXFileReference; lastKnownFileType = text.plist.xml; path = Info.plist; sourceTree = "<group>"; };
/* End PBXFileReference section */

/* Begin PBXFrameworksBuildPhase section */
		7040E23E2573E1E4009F3151 /* Frameworks */ = {
			isa = PBXFrameworksBuildPhase;
			buildActionMask = 2147483647;
			files = (
			);
			runOnlyForDeploymentPostprocessing = 0;
		};
		7040E24F2573E1E5009F3151 /* Frameworks */ = {
			isa = PBXFrameworksBuildPhase;
			buildActionMask = 2147483647;
			files = (
			);
			runOnlyForDeploymentPostprocessing = 0;
		};
		7040E25A2573E1E5009F3151 /* Frameworks */ = {
			isa = PBXFrameworksBuildPhase;
			buildActionMask = 2147483647;
			files = (
			);
			runOnlyForDeploymentPostprocessing = 0;
		};
/* End PBXFrameworksBuildPhase section */

/* Begin PBXGroup section */
		7040E2382573E1E4009F3151 = {
			isa = PBXGroup;
			children = (
				7040E2432573E1E4009F3151 /* Small Games */,
				7040E2552573E1E5009F3151 /* Small GamesTests */,
				7040E2602573E1E5009F3151 /* Small GamesUITests */,
				7040E2422573E1E4009F3151 /* Products */,
			);
			sourceTree = "<group>";
		};
		7040E2422573E1E4009F3151 /* Products */ = {
			isa = PBXGroup;
			children = (
				7040E2412573E1E4009F3151 /* Small Games.app */,
				7040E2522573E1E5009F3151 /* Small GamesTests.xctest */,
				7040E25D2573E1E5009F3151 /* Small GamesUITests.xctest */,
			);
			name = Products;
			sourceTree = "<group>";
		};
		7040E2432573E1E4009F3151 /* Small Games */ = {
			isa = PBXGroup;
			children = (
				7040E2442573E1E4009F3151 /* Small_GamesApp.swift */,
				7040E2462573E1E5009F3151 /* ContentView.swift */,
				7040E2482573E1E5009F3151 /* Assets.xcassets */,
				7040E24D2573E1E5009F3151 /* Info.plist */,
				7040E24A2573E1E5009F3151 /* Preview Content */,
			);
			path = "Small Games";
			sourceTree = "<group>";
		};
		7040E24A2573E1E5009F3151 /* Preview Content */ = {
			isa = PBXGroup;
			children = (
				7040E24B2573E1E5009F3151 /* Preview Assets.xcassets */,
			);
			path = "Preview Content";
			sourceTree = "<group>";
		};
		7040E2552573E1E5009F3151 /* Small GamesTests */ = {
			isa = PBXGroup;
			children = (
				7040E2562573E1E5009F3151 /* Small_GamesTests.swift */,
				7040E2582573E1E5009F3151 /* Info.plist */,
			);
			path = "Small GamesTests";
			sourceTree = "<group>";
		};
		7040E2602573E1E5009F3151 /* Small GamesUITests */ = {
			isa = PBXGroup;
			children = (
				7040E2612573E1E5009F3151 /* Small_GamesUITests.swift */,
				7040E2632573E1E5009F3151 /* Info.plist */,
			);
			path = "Small GamesUITests";
			sourceTree = "<group>";
		};
/* End PBXGroup section */

/* Begin PBXNativeTarget section */
		7040E2402573E1E4009F3151 /* Small Games */ = {
			isa = PBXNativeTarget;
			buildConfigurationList = 7040E2662573E1E5009F3151 /* Build configuration list for PBXNativeTarget "Small Games" */;
			buildPhases = (
				7040E23D2573E1E4009F3151 /* Sources */,
				7040E23E2573E1E4009F3151 /* Frameworks */,
				7040E23F2573E1E4009F3151 /* Resources */,
			);
			buildRules = (
			);
			dependencies = (
			);
			name = "Small Games";
			productName = "Small Games";
			productReference = 7040E2412573E1E4009F3151 /* Small Games.app */;
			productType = "com.apple.product-type.application";
		};
		7040E2512573E1E5009F3151 /* Small GamesTests */ = {
			isa = PBXNativeTarget;
			buildConfigurationList = 7040E2692573E1E5009F3151 /* Build configuration list for PBXNativeTarget "Small GamesTests" */;
			buildPhases = (
				7040E24E2573E1E5009F3151 /* Sources */,
				7040E24F2573E1E5009F3151 /* Frameworks */,
				7040E2502573E1E5009F3151 /* Resources */,
			);
			buildRules = (
			);
			dependencies = (
				7040E2542573E1E5009F3151 /* PBXTargetDependency */,
			);
			name = "Small GamesTests";
			productName = "Small GamesTests";
			productReference = 7040E2522573E1E5009F3151 /* Small GamesTests.xctest */;
			productType = "com.apple.product-type.bundle.unit-test";
		};
		7040E25C2573E1E5009F3151 /* Small GamesUITests */ = {
			isa = PBXNativeTarget;
			buildConfigurationList = 7040E26C2573E1E5009F3151 /* Build configuration list for PBXNativeTarget "Small GamesUITests" */;
			buildPhases = (
				7040E2592573E1E5009F3151 /* Sources */,
				7040E25A2573E1E5009F3151 /* Frameworks */,
				7040E25B2573E1E5009F3151 /* Resources */,
			);
			buildRules = (
			);
			dependencies = (
				7040E25F2573E1E5009F3151 /* PBXTargetDependency */,
			);
			name = "Small GamesUITests";
			productName = "Small GamesUITests";
			productReference = 7040E25D2573E1E5009F3151 /* Small GamesUITests.xctest */;
			productType = "com.apple.product-type.bundle.ui-testing";
		};
/* End PBXNativeTarget section */

/* Begin PBXProject section */
		7040E2392573E1E4009F3151 /* Project object */ = {
			isa = PBXProject;
			attributes = {
				LastSwiftUpdateCheck = 1200;
				LastUpgradeCheck = 1200;
				TargetAttributes = {
					7040E2402573E1E4009F3151 = {
						CreatedOnToolsVersion = 12.0;
					};
					7040E2512573E1E5009F3151 = {
						CreatedOnToolsVersion = 12.0;
						TestTargetID = 7040E2402573E1E4009F3151;
					};
					7040E25C2573E1E5009F3151 = {
						CreatedOnToolsVersion = 12.0;
						TestTargetID = 7040E2402573E1E4009F3151;
					};
				};
			};
			buildConfigurationList = 7040E23C2573E1E4009F3151 /* Build configuration list for PBXProject "Small Games" */;
			compatibilityVersion = "Xcode 9.3";
			developmentRegion = en;
			hasScannedForEncodings = 0;
			knownRegions = (
				en,
				Base,
			);
			mainGroup = 7040E2382573E1E4009F3151;
			productRefGroup = 7040E2422573E1E4009F3151 /* Products */;
			projectDirPath = "";
			projectRoot = "";
			targets = (
				7040E2402573E1E4009F3151 /* Small Games */,
				7040E2512573E1E5009F3151 /* Small GamesTests */,
				7040E25C2573E1E5009F3151 /* Small GamesUITests */,
			);
		};
/* End PBXProject section */

/* Begin PBXResourcesBuildPhase section */
		7040E23F2573E1E4009F3151 /* Resources */ = {
			isa = PBXResourcesBuildPhase;
			buildActionMask = 2147483647;
			files = (
				7040E24C2573E1E5009F3151 /* Preview Assets.xcassets in Resources */,
				7040E2492573E1E5009F3151 /* Assets.xcassets in Resources */,
			);
			runOnlyForDeploymentPostprocessing = 0;
		};
		7040E2502573E1E5009F3151 /* Resources */ = {
			isa = PBXResourcesBuildPhase;
			buildActionMask = 2147483647;
			files = (
			);
			runOnlyForDeploymentPostprocessing = 0;
		};
		7040E25B2573E1E5009F3151 /* Resources */ = {
			isa = PBXResourcesBuildPhase;
			buildActionMask = 2147483647;
			files = (
			);
			runOnlyForDeploymentPostprocessing = 0;
		};
/* End PBXResourcesBuildPhase section */

/* Begin PBXSourcesBuildPhase section */
		7040E23D2573E1E4009F3151 /* Sources */ = {
			isa = PBXSourcesBuildPhase;
			buildActionMask = 2147483647;
			files = (
				7040E2472573E1E5009F3151 /* ContentView.swift in Sources */,
				7040E2452573E1E4009F3151 /* Small_GamesApp.swift in Sources */,
			);
			runOnlyForDeploymentPostprocessing = 0;
		};
		7040E24E2573E1E5009F3151 /* Sources */ = {
			isa = PBXSourcesBuildPhase;
			buildActionMask = 2147483647;
			files = (
				7040E2572573E1E5009F3151 /* Small_GamesTests.swift in Sources */,
			);
			runOnlyForDeploymentPostprocessing = 0;
		};
		7040E2592573E1E5009F3151 /* Sources */ = {
			isa = PBXSourcesBuildPhase;
			buildActionMask = 2147483647;
			files = (
				7040E2622573E1E5009F3151 /* Small_GamesUITests.swift in Sources */,
			);
			runOnlyForDeploymentPostprocessing = 0;
		};
/* End PBXSourcesBuildPhase section */

/* Begin PBXTargetDependency section */
		7040E2542573E1E5009F3151 /* PBXTargetDependency */ = {
			isa = PBXTargetDependency;
			target = 7040E2402573E1E4009F3151 /* Small Games */;
			targetProxy = 7040E2532573E1E5009F3151 /* PBXContainerItemProxy */;
		};
		7040E25F2573E1E5009F3151 /* PBXTargetDependency */ = {
			isa = PBXTargetDependency;
			target = 7040E2402573E1E4009F3151 /* Small Games */;
			targetProxy = 7040E25E2573E1E5009F3151 /* PBXContainerItemProxy */;
		};
/* End PBXTargetDependency section */

/* Begin XCBuildConfiguration section */
		7040E2642573E1E5009F3151 /* Debug */ = {
			isa = XCBuildConfiguration;
			buildSettings = {
				ALWAYS_SEARCH_USER_PATHS = NO;
				CLANG_ANALYZER_NONNULL = YES;
				CLANG_ANALYZER_NUMBER_OBJECT_CONVERSION = YES_AGGRESSIVE;
				CLANG_CXX_LANGUAGE_STANDARD = "gnu++14";
				CLANG_CXX_LIBRARY = "libc++";
				CLANG_ENABLE_MODULES = YES;
				CLANG_ENABLE_OBJC_ARC = YES;
				CLANG_ENABLE_OBJC_WEAK = YES;
				CLANG_WARN_BLOCK_CAPTURE_AUTORELEASING = YES;
				CLANG_WARN_BOOL_CONVERSION = YES;
				CLANG_WARN_COMMA = YES;
				CLANG_WARN_CONSTANT_CONVERSION = YES;
				CLANG_WARN_DEPRECATED_OBJC_IMPLEMENTATIONS = YES;
				CLANG_WARN_DIRECT_OBJC_ISA_USAGE = YES_ERROR;
				CLANG_WARN_DOCUMENTATION_COMMENTS = YES;
				CLANG_WARN_EMPTY_BODY = YES;
				CLANG_WARN_ENUM_CONVERSION = YES;
				CLANG_WARN_INFINITE_RECURSION = YES;
				CLANG_WARN_INT_CONVERSION = YES;
				CLANG_WARN_NON_LITERAL_NULL_CONVERSION = YES;
				CLANG_WARN_OBJC_IMPLICIT_RETAIN_SELF = YES;
				CLANG_WARN_OBJC_LITERAL_CONVERSION = YES;
				CLANG_WARN_OBJC_ROOT_CLASS = YES_ERROR;
				CLANG_WARN_QUOTED_INCLUDE_IN_FRAMEWORK_HEADER = YES;
				CLANG_WARN_RANGE_LOOP_ANALYSIS = YES;
				CLANG_WARN_STRICT_PROTOTYPES = YES;
				CLANG_WARN_SUSPICIOUS_MOVE = YES;
				CLANG_WARN_UNGUARDED_AVAILABILITY = YES_AGGRESSIVE;
				CLANG_WARN_UNREACHABLE_CODE = YES;
				CLANG_WARN__DUPLICATE_METHOD_MATCH = YES;
				COPY_PHASE_STRIP = NO;
				DEBUG_INFORMATION_FORMAT = dwarf;
				ENABLE_STRICT_OBJC_MSGSEND = YES;
				ENABLE_TESTABILITY = YES;
				GCC_C_LANGUAGE_STANDARD = gnu11;
				GCC_DYNAMIC_NO_PIC = NO;
				GCC_NO_COMMON_BLOCKS = YES;
				GCC_OPTIMIZATION_LEVEL = 0;
				GCC_PREPROCESSOR_DEFINITIONS = (
					"DEBUG=1",
					"$(inherited)",
				);
				GCC_WARN_64_TO_32_BIT_CONVERSION = YES;
				GCC_WARN_ABOUT_RETURN_TYPE = YES_ERROR;
				GCC_WARN_UNDECLARED_SELECTOR = YES;
				GCC_WARN_UNINITIALIZED_AUTOS = YES_AGGRESSIVE;
				GCC_WARN_UNUSED_FUNCTION = YES;
				GCC_WARN_UNUSED_VARIABLE = YES;
				IPHONEOS_DEPLOYMENT_TARGET = 14.0;
				MTL_ENABLE_DEBUG_INFO = INCLUDE_SOURCE;
				MTL_FAST_MATH = YES;
				ONLY_ACTIVE_ARCH = YES;
				SDKROOT = iphoneos;
				SWIFT_ACTIVE_COMPILATION_CONDITIONS = DEBUG;
				SWIFT_OPTIMIZATION_LEVEL = "-Onone";
			};
			name = Debug;
		};
		7040E2652573E1E5009F3151 /* Release */ = {
			isa = XCBuildConfiguration;
			buildSettings = {
				ALWAYS_SEARCH_USER_PATHS = NO;
				CLANG_ANALYZER_NONNULL = YES;
				CLANG_ANALYZER_NUMBER_OBJECT_CONVERSION = YES_AGGRESSIVE;
				CLANG_CXX_LANGUAGE_STANDARD = "gnu++14";
				CLANG_CXX_LIBRARY = "libc++";
				CLANG_ENABLE_MODULES = YES;
				CLANG_ENABLE_OBJC_ARC = YES;
				CLANG_ENABLE_OBJC_WEAK = YES;
				CLANG_WARN_BLOCK_CAPTURE_AUTORELEASING = YES;
				CLANG_WARN_BOOL_CONVERSION = YES;
				CLANG_WARN_COMMA = YES;
				CLANG_WARN_CONSTANT_CONVERSION = YES;
				CLANG_WARN_DEPRECATED_OBJC_IMPLEMENTATIONS = YES;
				CLANG_WARN_DIRECT_OBJC_ISA_USAGE = YES_ERROR;
				CLANG_WARN_DOCUMENTATION_COMMENTS = YES;
				CLANG_WARN_EMPTY_BODY = YES;
				CLANG_WARN_ENUM_CONVERSION = YES;
				CLANG_WARN_INFINITE_RECURSION = YES;
				CLANG_WARN_INT_CONVERSION = YES;
				CLANG_WARN_NON_LITERAL_NULL_CONVERSION = YES;
				CLANG_WARN_OBJC_IMPLICIT_RETAIN_SELF = YES;
				CLANG_WARN_OBJC_LITERAL_CONVERSION = YES;
				CLANG_WARN_OBJC_ROOT_CLASS = YES_ERROR;
				CLANG_WARN_QUOTED_INCLUDE_IN_FRAMEWORK_HEADER = YES;
				CLANG_WARN_RANGE_LOOP_ANALYSIS = YES;
				CLANG_WARN_STRICT_PROTOTYPES = YES;
				CLANG_WARN_SUSPICIOUS_MOVE = YES;
				CLANG_WARN_UNGUARDED_AVAILABILITY = YES_AGGRESSIVE;
				CLANG_WARN_UNREACHABLE_CODE = YES;
				CLANG_WARN__DUPLICATE_METHOD_MATCH = YES;
				COPY_PHASE_STRIP = NO;
				DEBUG_INFORMATION_FORMAT = "dwarf-with-dsym";
				ENABLE_NS_ASSERTIONS = NO;
				ENABLE_STRICT_OBJC_MSGSEND = YES;
				GCC_C_LANGUAGE_STANDARD = gnu11;
				GCC_NO_COMMON_BLOCKS = YES;
				GCC_WARN_64_TO_32_BIT_CONVERSION = YES;
				GCC_WARN_ABOUT_RETURN_TYPE = YES_ERROR;
				GCC_WARN_UNDECLARED_SELECTOR = YES;
				GCC_WARN_UNINITIALIZED_AUTOS = YES_AGGRESSIVE;
				GCC_WARN_UNUSED_FUNCTION = YES;
				GCC_WARN_UNUSED_VARIABLE = YES;
				IPHONEOS_DEPLOYMENT_TARGET = 14.0;
				MTL_ENABLE_DEBUG_INFO = NO;
				MTL_FAST_MATH = YES;
				SDKROOT = iphoneos;
				SWIFT_COMPILATION_MODE = wholemodule;
				SWIFT_OPTIMIZATION_LEVEL = "-O";
				VALIDATE_PRODUCT = YES;
			};
			name = Release;
		};
		7040E2672573E1E5009F3151 /* Debug */ = {
			isa = XCBuildConfiguration;
			buildSettings = {
				ASSETCATALOG_COMPILER_APPICON_NAME = AppIcon;
				ASSETCATALOG_COMPILER_GLOBAL_ACCENT_COLOR_NAME = AccentColor;
				CODE_SIGN_STYLE = Automatic;
				DEVELOPMENT_ASSET_PATHS = "\"Small Games/Preview Content\"";
				DEVELOPMENT_TEAM = E48T4UVLAE;
				ENABLE_PREVIEWS = YES;
				INFOPLIST_FILE = "Small Games/Info.plist";
				IPHONEOS_DEPLOYMENT_TARGET = 14.0;
				LD_RUNPATH_SEARCH_PATHS = (
					"$(inherited)",
					"@executable_path/Frameworks",
				);
				PRODUCT_BUNDLE_IDENTIFIER = "com.loganmoseley.Small-Games";
				PRODUCT_NAME = "$(TARGET_NAME)";
				SWIFT_VERSION = 5.0;
				TARGETED_DEVICE_FAMILY = "1,2";
			};
			name = Debug;
		};
		7040E2682573E1E5009F3151 /* Release */ = {
			isa = XCBuildConfiguration;
			buildSettings = {
				ASSETCATALOG_COMPILER_APPICON_NAME = AppIcon;
				ASSETCATALOG_COMPILER_GLOBAL_ACCENT_COLOR_NAME = AccentColor;
				CODE_SIGN_STYLE = Automatic;
				DEVELOPMENT_ASSET_PATHS = "\"Small Games/Preview Content\"";
				DEVELOPMENT_TEAM = E48T4UVLAE;
				ENABLE_PREVIEWS = YES;
				INFOPLIST_FILE = "Small Games/Info.plist";
				IPHONEOS_DEPLOYMENT_TARGET = 14.0;
				LD_RUNPATH_SEARCH_PATHS = (
					"$(inherited)",
					"@executable_path/Frameworks",
				);
				PRODUCT_BUNDLE_IDENTIFIER = "com.loganmoseley.Small-Games";
				PRODUCT_NAME = "$(TARGET_NAME)";
				SWIFT_VERSION = 5.0;
				TARGETED_DEVICE_FAMILY = "1,2";
			};
			name = Release;
		};
		7040E26A2573E1E5009F3151 /* Debug */ = {
			isa = XCBuildConfiguration;
			buildSettings = {
				ALWAYS_EMBED_SWIFT_STANDARD_LIBRARIES = YES;
				BUNDLE_LOADER = "$(TEST_HOST)";
				CODE_SIGN_STYLE = Automatic;
				DEVELOPMENT_TEAM = E48T4UVLAE;
				INFOPLIST_FILE = "Small GamesTests/Info.plist";
				IPHONEOS_DEPLOYMENT_TARGET = 14.0;
				LD_RUNPATH_SEARCH_PATHS = (
					"$(inherited)",
					"@executable_path/Frameworks",
					"@loader_path/Frameworks",
				);
				PRODUCT_BUNDLE_IDENTIFIER = "com.loganmoseley.Small-GamesTests";
				PRODUCT_NAME = "$(TARGET_NAME)";
				SWIFT_VERSION = 5.0;
				TARGETED_DEVICE_FAMILY = "1,2";
				TEST_HOST = "$(BUILT_PRODUCTS_DIR)/Small Games.app/Small Games";
			};
			name = Debug;
		};
		7040E26B2573E1E5009F3151 /* Release */ = {
			isa = XCBuildConfiguration;
			buildSettings = {
				ALWAYS_EMBED_SWIFT_STANDARD_LIBRARIES = YES;
				BUNDLE_LOADER = "$(TEST_HOST)";
				CODE_SIGN_STYLE = Automatic;
				DEVELOPMENT_TEAM = E48T4UVLAE;
				INFOPLIST_FILE = "Small GamesTests/Info.plist";
				IPHONEOS_DEPLOYMENT_TARGET = 14.0;
				LD_RUNPATH_SEARCH_PATHS = (
					"$(inherited)",
					"@executable_path/Frameworks",
					"@loader_path/Frameworks",
				);
				PRODUCT_BUNDLE_IDENTIFIER = "com.loganmoseley.Small-GamesTests";
				PRODUCT_NAME = "$(TARGET_NAME)";
				SWIFT_VERSION = 5.0;
				TARGETED_DEVICE_FAMILY = "1,2";
				TEST_HOST = "$(BUILT_PRODUCTS_DIR)/Small Games.app/Small Games";
			};
			name = Release;
		};
		7040E26D2573E1E5009F3151 /* Debug */ = {
			isa = XCBuildConfiguration;
			buildSettings = {
				ALWAYS_EMBED_SWIFT_STANDARD_LIBRARIES = YES;
				CODE_SIGN_STYLE = Automatic;
				DEVELOPMENT_TEAM = E48T4UVLAE;
				INFOPLIST_FILE = "Small GamesUITests/Info.plist";
				LD_RUNPATH_SEARCH_PATHS = (
					"$(inherited)",
					"@executable_path/Frameworks",
					"@loader_path/Frameworks",
				);
				PRODUCT_BUNDLE_IDENTIFIER = "com.loganmoseley.Small-GamesUITests";
				PRODUCT_NAME = "$(TARGET_NAME)";
				SWIFT_VERSION = 5.0;
				TARGETED_DEVICE_FAMILY = "1,2";
				TEST_TARGET_NAME = "Small Games";
			};
			name = Debug;
		};
		7040E26E2573E1E5009F3151 /* Release */ = {
			isa = XCBuildConfiguration;
			buildSettings = {
				ALWAYS_EMBED_SWIFT_STANDARD_LIBRARIES = YES;
				CODE_SIGN_STYLE = Automatic;
				DEVELOPMENT_TEAM = E48T4UVLAE;
				INFOPLIST_FILE = "Small GamesUITests/Info.plist";
				LD_RUNPATH_SEARCH_PATHS = (
					"$(inherited)",
					"@executable_path/Frameworks",
					"@loader_path/Frameworks",
				);
				PRODUCT_BUNDLE_IDENTIFIER = "com.loganmoseley.Small-GamesUITests";
				PRODUCT_NAME = "$(TARGET_NAME)";
				SWIFT_VERSION = 5.0;
				TARGETED_DEVICE_FAMILY = "1,2";
				TEST_TARGET_NAME = "Small Games";
			};
			name = Release;
		};
/* End XCBuildConfiguration section */

/* Begin XCConfigurationList section */
		7040E23C2573E1E4009F3151 /* Build configuration list for PBXProject "Small Games" */ = {
			isa = XCConfigurationList;
			buildConfigurations = (
				7040E2642573E1E5009F3151 /* Debug */,
				7040E2652573E1E5009F3151 /* Release */,
			);
			defaultConfigurationIsVisible = 0;
			defaultConfigurationName = Release;
		};
		7040E2662573E1E5009F3151 /* Build configuration list for PBXNativeTarget "Small Games" */ = {
			isa = XCConfigurationList;
			buildConfigurations = (
				7040E2672573E1E5009F3151 /* Debug */,
				7040E2682573E1E5009F3151 /* Release */,
			);
			defaultConfigurationIsVisible = 0;
			defaultConfigurationName = Release;
		};
		7040E2692573E1E5009F3151 /* Build configuration list for PBXNativeTarget "Small GamesTests" */ = {
			isa = XCConfigurationList;
			buildConfigurations = (
				7040E26A2573E1E5009F3151 /* Debug */,
				7040E26B2573E1E5009F3151 /* Release */,
			);
			defaultConfigurationIsVisible = 0;
			defaultConfigurationName = Release;
		};
		7040E26C2573E1E5009F3151 /* Build configuration list for PBXNativeTarget "Small GamesUITests" */ = {
			isa = XCConfigurationList;
			buildConfigurations = (
				7040E26D2573E1E5009F3151 /* Debug */,
				7040E26E2573E1E5009F3151 /* Release */,
			);
			defaultConfigurationIsVisible = 0;
			defaultConfigurationName = Release;
		};
/* End XCConfigurationList section */
	};
	rootObject = 7040E2392573E1E4009F3151 /* Project object */;
}
